{
  "version": 4,
  "terraform_version": "1.0.2",
  "serial": 16,
  "lineage": "b60b9e73-f5b4-be75-f9df-d2672d8e93ca",
  "outputs": {},
  "resources": [
    {
      "mode": "managed",
      "type": "helm_release",
      "name": "my-kubernetes-dashboard",
      "provider": "provider[\"registry.terraform.io/hashicorp/helm\"]",
      "instances": [
        {
          "schema_version": 0,
          "attributes": {
            "atomic": false,
            "chart": "kubernetes-dashboard",
            "cleanup_on_fail": false,
            "create_namespace": false,
            "dependency_update": false,
            "description": null,
            "devel": null,
            "disable_crd_hooks": false,
            "disable_openapi_validation": false,
            "disable_webhooks": false,
            "force_update": false,
            "id": "my-kubernetes-dashboard",
            "keyring": null,
            "lint": false,
            "manifest": null,
            "max_history": 0,
            "metadata": [
              {
                "app_version": "2.3.0",
                "chart": "kubernetes-dashboard",
                "name": "my-kubernetes-dashboard",
                "namespace": "default",
                "revision": 3,
                "values": "{\"protocolHttp\":true,\"rbac\":{\"clusterReadOnlyRole\":true},\"replicaCount\":2,\"service\":{\"externalPort\":80,\"type\":\"LoadBalancer\"}}",
                "version": "4.3.1"
              }
            ],
            "name": "my-kubernetes-dashboard",
            "namespace": "default",
            "postrender": [],
            "recreate_pods": false,
            "render_subchart_notes": true,
            "replace": false,
            "repository": "https://kubernetes.github.io/dashboard/",
            "repository_ca_file": null,
            "repository_cert_file": null,
            "repository_key_file": null,
            "repository_password": null,
            "repository_username": null,
            "reset_values": false,
            "reuse_values": false,
            "set": [
              {
                "name": "protocolHttp",
                "type": null,
                "value": "true"
              },
              {
                "name": "rbac.clusterReadOnlyRole",
                "type": "",
                "value": "true"
              },
              {
                "name": "replicaCount",
                "type": null,
                "value": "2"
              },
              {
                "name": "service.externalPort",
                "type": null,
                "value": "80"
              },
              {
                "name": "service.type",
                "type": null,
                "value": "LoadBalancer"
              }
            ],
            "set_sensitive": [],
            "skip_crds": false,
            "status": "deployed",
            "timeout": 300,
            "values": null,
            "verify": false,
            "version": "4.3.1",
            "wait": true,
            "wait_for_jobs": false
          },
          "sensitive_attributes": [],
          "private": "bnVsbA=="
        }
      ]
    }
  ]
}
